
Microsoft Visual Studio Solution File, Format Version 12.00
# Visual Studio Version 17
VisualStudioVersion = 17.3.32922.545
MinimumVisualStudioVersion = 10.0.40219.1
Project("{FAE04EC0-301F-11D3-BF4B-00C04F79EFBC}") = "Lab1", "Car showroom\Lab1.csproj", "{B7A726F0-DD82-4048-A97E-340AA579ECBA}"
EndProject
Project("{2150E333-8FDC-42A3-9474-1A3956D46DE8}") = "Solution Items", "Solution Items", "{35C7F471-452B-4EED-A00B-C0C1CFA628A9}"
EndProject
Global
	GlobalSection(SolutionConfigurationPlatforms) = preSolution
		Debug|Any CPU = Debug|Any CPU
		Release|Any CPU = Release|Any CPU
	EndGlobalSection
	GlobalSection(ProjectConfigurationPlatforms) = postSolution
		{B7A726F0-DD82-4048-A97E-340AA579ECBA}.Debug|Any CPU.ActiveCfg = Debug|Any CPU
		{B7A726F0-DD82-4048-A97E-340AA579ECBA}.Debug|Any CPU.Build.0 = Debug|Any CPU
		{B7A726F0-DD82-4048-A97E-340AA579ECBA}.Release|Any CPU.ActiveCfg = Release|Any CPU
		{B7A726F0-DD82-4048-A97E-340AA579ECBA}.Release|Any CPU.Build.0 = Release|Any CPU
	EndGlobalSection
	GlobalSection(SolutionProperties) = preSolution
		HideSolutionNode = FALSE
	EndGlobalSection
	GlobalSection(ExtensibilityGlobals) = postSolution
		SolutionGuid = {2F4B0B6B-F97E-479C-868D-31E4A77AF416}
	EndGlobalSection
EndGlobal
